
Microsoft Visual Studio Solution File, Format Version 12.00
# Visual Studio Version 17
VisualStudioVersion = 17.11.35312.102
MinimumVisualStudioVersion = 10.0.40219.1
Project("{FAE04EC0-301F-11D3-BF4B-00C04F79EFBC}") = "CookingManageSystem", "CookingManageSystem.csproj", "{AE2ECB6B-1517-4BEB-85AE-06AA22442194}"
EndProject
Project("{FAE04EC0-301F-11D3-BF4B-00C04F79EFBC}") = "GUI", "..\GUI\GUI.csproj", "{08C8609B-1390-4BDA-9B64-51BAE776D6C9}"
EndProject
Project("{FAE04EC0-301F-11D3-BF4B-00C04F79EFBC}") = "DAL", "..\DAL\DAL.csproj", "{3A49354A-E955-4F62-B765-690E6F74289F}"
EndProject
Project("{FAE04EC0-301F-11D3-BF4B-00C04F79EFBC}") = "BLL", "..\BLL\BLL.csproj", "{0FA3B13D-C874-49B1-A99A-C505BF773064}"
EndProject
Project("{FAE04EC0-301F-11D3-BF4B-00C04F79EFBC}") = "DTO", "..\DTO\DTO.csproj", "{67F3FC0C-3EED-4FBD-AE88-859557D1CE01}"
EndProject
Global
	GlobalSection(SolutionConfigurationPlatforms) = preSolution
		Debug|Any CPU = Debug|Any CPU
		Release|Any CPU = Release|Any CPU
	EndGlobalSection
	GlobalSection(ProjectConfigurationPlatforms) = postSolution
		{AE2ECB6B-1517-4BEB-85AE-06AA22442194}.Debug|Any CPU.ActiveCfg = Debug|Any CPU
		{AE2ECB6B-1517-4BEB-85AE-06AA22442194}.Debug|Any CPU.Build.0 = Debug|Any CPU
		{AE2ECB6B-1517-4BEB-85AE-06AA22442194}.Release|Any CPU.ActiveCfg = Release|Any CPU
		{AE2ECB6B-1517-4BEB-85AE-06AA22442194}.Release|Any CPU.Build.0 = Release|Any CPU
		{08C8609B-1390-4BDA-9B64-51BAE776D6C9}.Debug|Any CPU.ActiveCfg = Debug|Any CPU
		{08C8609B-1390-4BDA-9B64-51BAE776D6C9}.Debug|Any CPU.Build.0 = Debug|Any CPU
		{08C8609B-1390-4BDA-9B64-51BAE776D6C9}.Release|Any CPU.ActiveCfg = Release|Any CPU
		{08C8609B-1390-4BDA-9B64-51BAE776D6C9}.Release|Any CPU.Build.0 = Release|Any CPU
		{3A49354A-E955-4F62-B765-690E6F74289F}.Debug|Any CPU.ActiveCfg = Debug|Any CPU
		{3A49354A-E955-4F62-B765-690E6F74289F}.Debug|Any CPU.Build.0 = Debug|Any CPU
		{3A49354A-E955-4F62-B765-690E6F74289F}.Release|Any CPU.ActiveCfg = Release|Any CPU
		{3A49354A-E955-4F62-B765-690E6F74289F}.Release|Any CPU.Build.0 = Release|Any CPU
		{0FA3B13D-C874-49B1-A99A-C505BF773064}.Debug|Any CPU.ActiveCfg = Debug|Any CPU
		{0FA3B13D-C874-49B1-A99A-C505BF773064}.Debug|Any CPU.Build.0 = Debug|Any CPU
		{0FA3B13D-C874-49B1-A99A-C505BF773064}.Release|Any CPU.ActiveCfg = Release|Any CPU
		{0FA3B13D-C874-49B1-A99A-C505BF773064}.Release|Any CPU.Build.0 = Release|Any CPU
		{67F3FC0C-3EED-4FBD-AE88-859557D1CE01}.Debug|Any CPU.ActiveCfg = Debug|Any CPU
		{67F3FC0C-3EED-4FBD-AE88-859557D1CE01}.Debug|Any CPU.Build.0 = Debug|Any CPU
		{67F3FC0C-3EED-4FBD-AE88-859557D1CE01}.Release|Any CPU.ActiveCfg = Release|Any CPU
		{67F3FC0C-3EED-4FBD-AE88-859557D1CE01}.Release|Any CPU.Build.0 = Release|Any CPU
	EndGlobalSection
	GlobalSection(SolutionProperties) = preSolution
		HideSolutionNode = FALSE
	EndGlobalSection
	GlobalSection(ExtensibilityGlobals) = postSolution
		SolutionGuid = {64031A9C-3A79-471E-B94E-2DFF40F8C4E1}
	EndGlobalSection
EndGlobal
